
Microsoft Visual Studio Solution File, Format Version 12.00
# Visual Studio Version 16
VisualStudioVersion = 25.0.1700.0
MinimumVisualStudioVersion = 10.0.40219.1
Project("{FAE04EC0-301F-11D3-BF4B-00C04F79EFBC}") = "WebApi", "WebApi.csproj", "{5C53C079-B8BD-4068-8595-92D142CC2724}"
EndProject
Global
	GlobalSection(SolutionConfigurationPlatforms) = preSolution
		Debug|Any CPU = Debug|Any CPU
		Release|Any CPU = Release|Any CPU
	EndGlobalSection
	GlobalSection(ProjectConfigurationPlatforms) = postSolution
		{5C53C079-B8BD-4068-8595-92D142CC2724}.Debug|Any CPU.ActiveCfg = Debug|Any CPU
		{5C53C079-B8BD-4068-8595-92D142CC2724}.Debug|Any CPU.Build.0 = Debug|Any CPU
		{5C53C079-B8BD-4068-8595-92D142CC2724}.Release|Any CPU.ActiveCfg = Release|Any CPU
		{5C53C079-B8BD-4068-8595-92D142CC2724}.Release|Any CPU.Build.0 = Release|Any CPU
	EndGlobalSection
	GlobalSection(SolutionProperties) = preSolution
		HideSolutionNode = FALSE
	EndGlobalSection
	GlobalSection(ExtensibilityGlobals) = postSolution
		SolutionGuid = {4CC8CBB7-CEF5-402A-AA1C-0D9E84A7DCE8}
	EndGlobalSection
EndGlobal
